dependencies:
- name: postgresql
  repository: https://charts.bitnami.com/bitnami
  version: 10.16.2
- name: kafka
  repository: https://charts.bitnami.com/bitnami
  version: 18.3.1
- name: common
  repository: file://charts/common
  version: 0.1.0
digest: sha256:8234d8cfe6f8356602fa7193ce72163cf93825a808312cab269d33f5b2e33d0c
generated: "2022-08-31T16:30:00.1489677+03:00"
